// !$*UTF8*$!
{
	archiveVersion = 1;
	classes = {
	};
	objectVersion = 46;
	objects = {

/* Begin PBXBuildFile section */
		2009924719DDF94000EA9953 /* CommunicationManager.m in Sources */ = {isa = PBXBuildFile; fileRef = 2009924619DDF94000EA9953 /* CommunicationManager.m */; };
		203E3EF119BF824A008C0379 /* main.m in Sources */ = {isa = PBXBuildFile; fileRef = 203E3EF019BF824A008C0379 /* main.m */; };
		203E3EF419BF824A008C0379 /* AppDelegate.m in Sources */ = {isa = PBXBuildFile; fileRef = 203E3EF319BF824A008C0379 /* AppDelegate.m */; };
		203E3EF719BF824A008C0379 /* NoteHub.xcdatamodeld in Sources */ = {isa = PBXBuildFile; fileRef = 203E3EF519BF824A008C0379 /* NoteHub.xcdatamodeld */; };
		203E3EFD19BF824A008C0379 /* Main.storyboard in Resources */ = {isa = PBXBuildFile; fileRef = 203E3EFB19BF824A008C0379 /* Main.storyboard */; };
		203E3EFF19BF824A008C0379 /* Images.xcassets in Resources */ = {isa = PBXBuildFile; fileRef = 203E3EFE19BF824A008C0379 /* Images.xcassets */; };
		203E3F0B19BF824A008C0379 /* NoteHubTests.m in Sources */ = {isa = PBXBuildFile; fileRef = 203E3F0A19BF824A008C0379 /* NoteHubTests.m */; };
		20AEBDF319DCB79D0018F44F /* LoginViewController.m in Sources */ = {isa = PBXBuildFile; fileRef = 20AEBDF219DCB79D0018F44F /* LoginViewController.m */; };
		20B5DCB219BF90E70041C4E1 /* SettingsTableViewController.m in Sources */ = {isa = PBXBuildFile; fileRef = 20B5DCB119BF90E70041C4E1 /* SettingsTableViewController.m */; };
		20CE89C519E485A900D20DA9 /* RegisterViewController.m in Sources */ = {isa = PBXBuildFile; fileRef = 20CE89C419E485A900D20DA9 /* RegisterViewController.m */; };
		602D376C19C78D0F00C986A0 /* ColorTableViewController.m in Sources */ = {isa = PBXBuildFile; fileRef = 602D376B19C78D0F00C986A0 /* ColorTableViewController.m */; };
		603B357B19E5D37A00392105 /* NewCourseViewController.m in Sources */ = {isa = PBXBuildFile; fileRef = 603B357A19E5D37A00392105 /* NewCourseViewController.m */; };
		6051675319F6E556008AB5AE /* HomeViewController.m in Sources */ = {isa = PBXBuildFile; fileRef = 6051675219F6E556008AB5AE /* HomeViewController.m */; };
		6051675619F6EECD008AB5AE /* searchTableTableViewController.m in Sources */ = {isa = PBXBuildFile; fileRef = 6051675519F6EECD008AB5AE /* searchTableTableViewController.m */; };
		60BC889219FC60F200173D89 /* shareTableViewController.m in Sources */ = {isa = PBXBuildFile; fileRef = 60BC889119FC60F200173D89 /* shareTableViewController.m */; };
		60EDDF3919E7286900746FD2 /* courseTableViewController.m in Sources */ = {isa = PBXBuildFile; fileRef = 60EDDF3819E7286900746FD2 /* courseTableViewController.m */; };
		60EDDF3C19E73E4700746FD2 /* notebookListTableViewController.m in Sources */ = {isa = PBXBuildFile; fileRef = 60EDDF3B19E73E4700746FD2 /* notebookListTableViewController.m */; };
		60F7C34019C8DA7C003CE1BC /* NHAssistedNotebookView.m in Sources */ = {isa = PBXBuildFile; fileRef = 60F7C33F19C8DA7C003CE1BC /* NHAssistedNotebookView.m */; };
		60F7C34319C8EC65003CE1BC /* NotebookViewController.m in Sources */ = {isa = PBXBuildFile; fileRef = 60F7C34219C8EC65003CE1BC /* NotebookViewController.m */; };
/* End PBXBuildFile section */

/* Begin PBXBuildRule section */
		601F4A3319F6E11D00E2BE21 /* PBXBuildRule */ = {
			isa = PBXBuildRule;
			compilerSpec = com.apple.compilers.proxy.script;
			fileType = sourcecode.swift;
			isEditable = 1;
			outputFiles = (
			);
			script = "# $(SWIFT_EXEC)\n";
		};
/* End PBXBuildRule section */

/* Begin PBXContainerItemProxy section */
		203E3F0519BF824A008C0379 /* PBXContainerItemProxy */ = {
			isa = PBXContainerItemProxy;
			containerPortal = 203E3EE319BF824A008C0379 /* Project object */;
			proxyType = 1;
			remoteGlobalIDString = 203E3EEA19BF824A008C0379;
			remoteInfo = NoteHub;
		};
/* End PBXContainerItemProxy section */

/* Begin PBXFileReference section */
		2009924519DDF94000EA9953 /* CommunicationManager.h */ = {isa = PBXFileReference; fileEncoding = 4; lastKnownFileType = sourcecode.c.h; path = CommunicationManager.h; sourceTree = "<group>"; };
		2009924619DDF94000EA9953 /* CommunicationManager.m */ = {isa = PBXFileReference; fileEncoding = 4; lastKnownFileType = sourcecode.c.objc; path = CommunicationManager.m; sourceTree = "<group>"; };
		203E3EEB19BF824A008C0379 /* NoteHub.app */ = {isa = PBXFileReference; explicitFileType = wrapper.application; includeInIndex = 0; path = NoteHub.app; sourceTree = BUILT_PRODUCTS_DIR; };
		203E3EEF19BF824A008C0379 /* Info.plist */ = {isa = PBXFileReference; lastKnownFileType = text.plist.xml; path = Info.plist; sourceTree = "<group>"; };
		203E3EF019BF824A008C0379 /* main.m */ = {isa = PBXFileReference; lastKnownFileType = sourcecode.c.objc; path = main.m; sourceTree = "<group>"; };
		203E3EF219BF824A008C0379 /* AppDelegate.h */ = {isa = PBXFileReference; lastKnownFileType = sourcecode.c.h; path = AppDelegate.h; sourceTree = "<group>"; };
		203E3EF319BF824A008C0379 /* AppDelegate.m */ = {isa = PBXFileReference; lastKnownFileType = sourcecode.c.objc; path = AppDelegate.m; sourceTree = "<group>"; };
		203E3EF619BF824A008C0379 /* NoteHub.xcdatamodel */ = {isa = PBXFileReference; lastKnownFileType = wrapper.xcdatamodel; path = NoteHub.xcdatamodel; sourceTree = "<group>"; };
		203E3EFC19BF824A008C0379 /* Base */ = {isa = PBXFileReference; lastKnownFileType = file.storyboard; name = Base; path = Base.lproj/Main.storyboard; sourceTree = "<group>"; };
		203E3EFE19BF824A008C0379 /* Images.xcassets */ = {isa = PBXFileReference; lastKnownFileType = folder.assetcatalog; path = Images.xcassets; sourceTree = "<group>"; };
		203E3F0419BF824A008C0379 /* NoteHubTests.xctest */ = {isa = PBXFileReference; explicitFileType = wrapper.cfbundle; includeInIndex = 0; path = NoteHubTests.xctest; sourceTree = BUILT_PRODUCTS_DIR; };
		203E3F0919BF824A008C0379 /* Info.plist */ = {isa = PBXFileReference; lastKnownFileType = text.plist.xml; path = Info.plist; sourceTree = "<group>"; };
		203E3F0A19BF824A008C0379 /* NoteHubTests.m */ = {isa = PBXFileReference; lastKnownFileType = sourcecode.c.objc; path = NoteHubTests.m; sourceTree = "<group>"; };
		20AEBDF119DCB79D0018F44F /* LoginViewController.h */ = {isa = PBXFileReference; fileEncoding = 4; lastKnownFileType = sourcecode.c.h; path = LoginViewController.h; sourceTree = "<group>"; };
		20AEBDF219DCB79D0018F44F /* LoginViewController.m */ = {isa = PBXFileReference; fileEncoding = 4; lastKnownFileType = sourcecode.c.objc; path = LoginViewController.m; sourceTree = "<group>"; };
		20B5DCB019BF90E70041C4E1 /* SettingsTableViewController.h */ = {isa = PBXFileReference; fileEncoding = 4; lastKnownFileType = sourcecode.c.h; path = SettingsTableViewController.h; sourceTree = "<group>"; };
		20B5DCB119BF90E70041C4E1 /* SettingsTableViewController.m */ = {isa = PBXFileReference; fileEncoding = 4; lastKnownFileType = sourcecode.c.objc; path = SettingsTableViewController.m; sourceTree = "<group>"; };
		20CE89C319E485A900D20DA9 /* RegisterViewController.h */ = {isa = PBXFileReference; fileEncoding = 4; lastKnownFileType = sourcecode.c.h; path = RegisterViewController.h; sourceTree = "<group>"; };
		20CE89C419E485A900D20DA9 /* RegisterViewController.m */ = {isa = PBXFileReference; fileEncoding = 4; lastKnownFileType = sourcecode.c.objc; path = RegisterViewController.m; sourceTree = "<group>"; };
		602D376A19C78D0F00C986A0 /* ColorTableViewController.h */ = {isa = PBXFileReference; fileEncoding = 4; lastKnownFileType = sourcecode.c.h; path = ColorTableViewController.h; sourceTree = "<group>"; };
		602D376B19C78D0F00C986A0 /* ColorTableViewController.m */ = {isa = PBXFileReference; fileEncoding = 4; lastKnownFileType = sourcecode.c.objc; path = ColorTableViewController.m; sourceTree = "<group>"; };
		603B357919E5D37A00392105 /* NewCourseViewController.h */ = {isa = PBXFileReference; fileEncoding = 4; lastKnownFileType = sourcecode.c.h; path = NewCourseViewController.h; sourceTree = "<group>"; };
		603B357A19E5D37A00392105 /* NewCourseViewController.m */ = {isa = PBXFileReference; fileEncoding = 4; lastKnownFileType = sourcecode.c.objc; path = NewCourseViewController.m; sourceTree = "<group>"; };
		6051675119F6E556008AB5AE /* HomeViewController.h */ = {isa = PBXFileReference; fileEncoding = 4; lastKnownFileType = sourcecode.c.h; path = HomeViewController.h; sourceTree = "<group>"; };
		6051675219F6E556008AB5AE /* HomeViewController.m */ = {isa = PBXFileReference; fileEncoding = 4; lastKnownFileType = sourcecode.c.objc; path = HomeViewController.m; sourceTree = "<group>"; };
		6051675419F6EECD008AB5AE /* searchTableTableViewController.h */ = {isa = PBXFileReference; fileEncoding = 4; lastKnownFileType = sourcecode.c.h; path = searchTableTableViewController.h; sourceTree = "<group>"; };
		6051675519F6EECD008AB5AE /* searchTableTableViewController.m */ = {isa = PBXFileReference; fileEncoding = 4; lastKnownFileType = sourcecode.c.objc; path = searchTableTableViewController.m; sourceTree = "<group>"; };
		60BC889019FC60F200173D89 /* shareTableViewController.h */ = {isa = PBXFileReference; fileEncoding = 4; lastKnownFileType = sourcecode.c.h; path = shareTableViewController.h; sourceTree = "<group>"; };
		60BC889119FC60F200173D89 /* shareTableViewController.m */ = {isa = PBXFileReference; fileEncoding = 4; lastKnownFileType = sourcecode.c.objc; path = shareTableViewController.m; sourceTree = "<group>"; };
		60EDDF3719E7286900746FD2 /* courseTableViewController.h */ = {isa = PBXFileReference; fileEncoding = 4; lastKnownFileType = sourcecode.c.h; path = courseTableViewController.h; sourceTree = "<group>"; };
		60EDDF3819E7286900746FD2 /* courseTableViewController.m */ = {isa = PBXFileReference; fileEncoding = 4; lastKnownFileType = sourcecode.c.objc; path = courseTableViewController.m; sourceTree = "<group>"; };
		60EDDF3A19E73E4700746FD2 /* notebookListTableViewController.h */ = {isa = PBXFileReference; fileEncoding = 4; lastKnownFileType = sourcecode.c.h; path = notebookListTableViewController.h; sourceTree = "<group>"; };
		60EDDF3B19E73E4700746FD2 /* notebookListTableViewController.m */ = {isa = PBXFileReference; fileEncoding = 4; lastKnownFileType = sourcecode.c.objc; path = notebookListTableViewController.m; sourceTree = "<group>"; };
		60F7C33E19C8DA7C003CE1BC /* NHAssistedNotebookView.h */ = {isa = PBXFileReference; fileEncoding = 4; lastKnownFileType = sourcecode.c.h; path = NHAssistedNotebookView.h; sourceTree = "<group>"; };
		60F7C33F19C8DA7C003CE1BC /* NHAssistedNotebookView.m */ = {isa = PBXFileReference; fileEncoding = 4; lastKnownFileType = sourcecode.c.objc; path = NHAssistedNotebookView.m; sourceTree = "<group>"; };
		60F7C34119C8EC65003CE1BC /* NotebookViewController.h */ = {isa = PBXFileReference; fileEncoding = 4; lastKnownFileType = sourcecode.c.h; path = NotebookViewController.h; sourceTree = "<group>"; };
		60F7C34219C8EC65003CE1BC /* NotebookViewController.m */ = {isa = PBXFileReference; fileEncoding = 4; lastKnownFileType = sourcecode.c.objc; path = NotebookViewController.m; sourceTree = "<group>"; };
/* End PBXFileReference section */

/* Begin PBXFrameworksBuildPhase section */
		203E3EE819BF824A008C0379 /* Frameworks */ = {
			isa = PBXFrameworksBuildPhase;
			buildActionMask = 2147483647;
			files = (
			);
			runOnlyForDeploymentPostprocessing = 0;
		};
		203E3F0119BF824A008C0379 /* Frameworks */ = {
			isa = PBXFrameworksBuildPhase;
			buildActionMask = 2147483647;
			files = (
			);
			runOnlyForDeploymentPostprocessing = 0;
		};
/* End PBXFrameworksBuildPhase section */

/* Begin PBXGroup section */
		2009924819DDF94E00EA9953 /* Communication */ = {
			isa = PBXGroup;
			children = (
				2009924519DDF94000EA9953 /* CommunicationManager.h */,
				2009924619DDF94000EA9953 /* CommunicationManager.m */,
			);
			name = Communication;
			sourceTree = "<group>";
		};
		203E3EE219BF824A008C0379 = {
			isa = PBXGroup;
			children = (
				203E3EED19BF824A008C0379 /* NoteHub */,
				203E3F0719BF824A008C0379 /* NoteHubTests */,
				203E3EEC19BF824A008C0379 /* Products */,
			);
			sourceTree = "<group>";
		};
		203E3EEC19BF824A008C0379 /* Products */ = {
			isa = PBXGroup;
			children = (
				203E3EEB19BF824A008C0379 /* NoteHub.app */,
				203E3F0419BF824A008C0379 /* NoteHubTests.xctest */,
			);
			name = Products;
			sourceTree = "<group>";
		};
		203E3EED19BF824A008C0379 /* NoteHub */ = {
			isa = PBXGroup;
			children = (
				203E3EF219BF824A008C0379 /* AppDelegate.h */,
				203E3EFB19BF824A008C0379 /* Main.storyboard */,
				60BC889319FC610900173D89 /* shareTable */,
				203E3EF319BF824A008C0379 /* AppDelegate.m */,
				6089E3BB19F8280B000D85A9 /* Home */,
				6089E3BA19F827C2000D85A9 /* Search */,
				6EF686CE19E78281007EEFB1 /* Course */,
				6EF686D019E7831D007EEFB1 /* Register */,
				6EF686D419E783BE007EEFB1 /* LOGIN */,
				6EF686D319E783A3007EEFB1 /* TableThings */,
				6EF686CF19E782DD007EEFB1 /* NoteBook */,
				203E3EEE19BF824A008C0379 /* Supporting Files */,
				2009924819DDF94E00EA9953 /* Communication */,
				203E3EFE19BF824A008C0379 /* Images.xcassets */,
				203E3EF519BF824A008C0379 /* NoteHub.xcdatamodeld */,
			);
			path = NoteHub;
			sourceTree = "<group>";
		};
		203E3EEE19BF824A008C0379 /* Supporting Files */ = {
			isa = PBXGroup;
			children = (
				203E3EEF19BF824A008C0379 /* Info.plist */,
				203E3EF019BF824A008C0379 /* main.m */,
			);
			name = "Supporting Files";
			sourceTree = "<group>";
		};
		203E3F0719BF824A008C0379 /* NoteHubTests */ = {
			isa = PBXGroup;
			children = (
				203E3F0A19BF824A008C0379 /* NoteHubTests.m */,
				203E3F0819BF824A008C0379 /* Supporting Files */,
			);
			path = NoteHubTests;
			sourceTree = "<group>";
		};
		203E3F0819BF824A008C0379 /* Supporting Files */ = {
			isa = PBXGroup;
			children = (
				203E3F0919BF824A008C0379 /* Info.plist */,
			);
			name = "Supporting Files";
			sourceTree = "<group>";
		};
		6089E3BA19F827C2000D85A9 /* Search */ = {
			isa = PBXGroup;
			children = (
				6051675419F6EECD008AB5AE /* searchTableTableViewController.h */,
				6051675519F6EECD008AB5AE /* searchTableTableViewController.m */,
			);
			name = Search;
			sourceTree = "<group>";
		};
		6089E3BB19F8280B000D85A9 /* Home */ = {
			isa = PBXGroup;
			children = (
				6051675119F6E556008AB5AE /* HomeViewController.h */,
				6051675219F6E556008AB5AE /* HomeViewController.m */,
			);
			name = Home;
			path = ..;
			sourceTree = "<group>";
		};
		60BC889319FC610900173D89 /* shareTable */ = {
			isa = PBXGroup;
			children = (
				60BC889019FC60F200173D89 /* shareTableViewController.h */,
				60BC889119FC60F200173D89 /* shareTableViewController.m */,
			);
			name = shareTable;
			sourceTree = "<group>";
		};
		6EF686CE19E78281007EEFB1 /* Course */ = {
			isa = PBXGroup;
			children = (
				603B357919E5D37A00392105 /* NewCourseViewController.h */,
				603B357A19E5D37A00392105 /* NewCourseViewController.m */,
				60EDDF3719E7286900746FD2 /* courseTableViewController.h */,
				60EDDF3819E7286900746FD2 /* courseTableViewController.m */,
			);
			name = Course;
			sourceTree = "<group>";
		};
		6EF686CF19E782DD007EEFB1 /* NoteBook */ = {
			isa = PBXGroup;
			children = (
				60F7C33E19C8DA7C003CE1BC /* NHAssistedNotebookView.h */,
				60F7C33F19C8DA7C003CE1BC /* NHAssistedNotebookView.m */,
				60EDDF3A19E73E4700746FD2 /* notebookListTableViewController.h */,
				60EDDF3B19E73E4700746FD2 /* notebookListTableViewController.m */,
				60F7C34119C8EC65003CE1BC /* NotebookViewController.h */,
				60F7C34219C8EC65003CE1BC /* NotebookViewController.m */,
			);
			name = NoteBook;
			sourceTree = "<group>";
		};
		6EF686D019E7831D007EEFB1 /* Register */ = {
			isa = PBXGroup;
			children = (
				20CE89C319E485A900D20DA9 /* RegisterViewController.h */,
				20CE89C419E485A900D20DA9 /* RegisterViewController.m */,
			);
			name = Register;
			sourceTree = "<group>";
		};
		6EF686D319E783A3007EEFB1 /* TableThings */ = {
			isa = PBXGroup;
			children = (
				602D376A19C78D0F00C986A0 /* ColorTableViewController.h */,
				602D376B19C78D0F00C986A0 /* ColorTableViewController.m */,
				20B5DCB019BF90E70041C4E1 /* SettingsTableViewController.h */,
				20B5DCB119BF90E70041C4E1 /* SettingsTableViewController.m */,
			);
			name = TableThings;
			sourceTree = "<group>";
		};
		6EF686D419E783BE007EEFB1 /* LOGIN */ = {
			isa = PBXGroup;
			children = (
				20AEBDF119DCB79D0018F44F /* LoginViewController.h */,
				20AEBDF219DCB79D0018F44F /* LoginViewController.m */,
			);
			name = LOGIN;
			sourceTree = "<group>";
		};
/* End PBXGroup section */

/* Begin PBXNativeTarget section */
		203E3EEA19BF824A008C0379 /* NoteHub */ = {
			isa = PBXNativeTarget;
			buildConfigurationList = 203E3F0E19BF824A008C0379 /* Build configuration list for PBXNativeTarget "NoteHub" */;
			buildPhases = (
				203E3EE719BF824A008C0379 /* Sources */,
				203E3EE819BF824A008C0379 /* Frameworks */,
				203E3EE919BF824A008C0379 /* Resources */,
			);
			buildRules = (
				601F4A3319F6E11D00E2BE21 /* PBXBuildRule */,
			);
			dependencies = (
			);
			name = NoteHub;
			productName = NoteHub;
			productReference = 203E3EEB19BF824A008C0379 /* NoteHub.app */;
			productType = "com.apple.product-type.application";
		};
		203E3F0319BF824A008C0379 /* NoteHubTests */ = {
			isa = PBXNativeTarget;
			buildConfigurationList = 203E3F1119BF824A008C0379 /* Build configuration list for PBXNativeTarget "NoteHubTests" */;
			buildPhases = (
				203E3F0019BF824A008C0379 /* Sources */,
				203E3F0119BF824A008C0379 /* Frameworks */,
				203E3F0219BF824A008C0379 /* Resources */,
			);
			buildRules = (
			);
			dependencies = (
				203E3F0619BF824A008C0379 /* PBXTargetDependency */,
			);
			name = NoteHubTests;
			productName = NoteHubTests;
			productReference = 203E3F0419BF824A008C0379 /* NoteHubTests.xctest */;
			productType = "com.apple.product-type.bundle.unit-test";
		};
/* End PBXNativeTarget section */

/* Begin PBXProject section */
		203E3EE319BF824A008C0379 /* Project object */ = {
			isa = PBXProject;
			attributes = {
				LastUpgradeCheck = 0600;
				ORGANIZATIONNAME = "Mateo Olaya Bernal";
				TargetAttributes = {
					203E3EEA19BF824A008C0379 = {
						CreatedOnToolsVersion = 6.0;
					};
					203E3F0319BF824A008C0379 = {
						CreatedOnToolsVersion = 6.0;
						TestTargetID = 203E3EEA19BF824A008C0379;
					};
				};
			};
			buildConfigurationList = 203E3EE619BF824A008C0379 /* Build configuration list for PBXProject "NoteHub" */;
			compatibilityVersion = "Xcode 3.2";
			developmentRegion = English;
			hasScannedForEncodings = 0;
			knownRegions = (
				en,
				Base,
			);
			mainGroup = 203E3EE219BF824A008C0379;
			productRefGroup = 203E3EEC19BF824A008C0379 /* Products */;
			projectDirPath = "";
			projectRoot = "";
			targets = (
				203E3EEA19BF824A008C0379 /* NoteHub */,
				203E3F0319BF824A008C0379 /* NoteHubTests */,
			);
		};
/* End PBXProject section */

/* Begin PBXResourcesBuildPhase section */
		203E3EE919BF824A008C0379 /* Resources */ = {
			isa = PBXResourcesBuildPhase;
			buildActionMask = 2147483647;
			files = (
				203E3EFD19BF824A008C0379 /* Main.storyboard in Resources */,
				203E3EFF19BF824A008C0379 /* Images.xcassets in Resources */,
			);
			runOnlyForDeploymentPostprocessing = 0;
		};
		203E3F0219BF824A008C0379 /* Resources */ = {
			isa = PBXResourcesBuildPhase;
			buildActionMask = 2147483647;
			files = (
			);
			runOnlyForDeploymentPostprocessing = 0;
		};
/* End PBXResourcesBuildPhase section */

/* Begin PBXSourcesBuildPhase section */
		203E3EE719BF824A008C0379 /* Sources */ = {
			isa = PBXSourcesBuildPhase;
			buildActionMask = 2147483647;
			files = (
				6051675619F6EECD008AB5AE /* searchTableTableViewController.m in Sources */,
				60EDDF3919E7286900746FD2 /* courseTableViewController.m in Sources */,
				20CE89C519E485A900D20DA9 /* RegisterViewController.m in Sources */,
				2009924719DDF94000EA9953 /* CommunicationManager.m in Sources */,
				60F7C34019C8DA7C003CE1BC /* NHAssistedNotebookView.m in Sources */,
				203E3EF419BF824A008C0379 /* AppDelegate.m in Sources */,
				203E3EF119BF824A008C0379 /* main.m in Sources */,
				60F7C34319C8EC65003CE1BC /* NotebookViewController.m in Sources */,
				20B5DCB219BF90E70041C4E1 /* SettingsTableViewController.m in Sources */,
				6051675319F6E556008AB5AE /* HomeViewController.m in Sources */,
				20AEBDF319DCB79D0018F44F /* LoginViewController.m in Sources */,
				203E3EF719BF824A008C0379 /* NoteHub.xcdatamodeld in Sources */,
				603B357B19E5D37A00392105 /* NewCourseViewController.m in Sources */,
				60EDDF3C19E73E4700746FD2 /* notebookListTableViewController.m in Sources */,
				602D376C19C78D0F00C986A0 /* ColorTableViewController.m in Sources */,
				60BC889219FC60F200173D89 /* shareTableViewController.m in Sources */,
			);
			runOnlyForDeploymentPostprocessing = 0;
		};
		203E3F0019BF824A008C0379 /* Sources */ = {
			isa = PBXSourcesBuildPhase;
			buildActionMask = 2147483647;
			files = (
				203E3F0B19BF824A008C0379 /* NoteHubTests.m in Sources */,
			);
			runOnlyForDeploymentPostprocessing = 0;
		};
/* End PBXSourcesBuildPhase section */

/* Begin PBXTargetDependency section */
		203E3F0619BF824A008C0379 /* PBXTargetDependency */ = {
			isa = PBXTargetDependency;
			target = 203E3EEA19BF824A008C0379 /* NoteHub */;
			targetProxy = 203E3F0519BF824A008C0379 /* PBXContainerItemProxy */;
		};
/* End PBXTargetDependency section */

/* Begin PBXVariantGroup section */
		203E3EFB19BF824A008C0379 /* Main.storyboard */ = {
			isa = PBXVariantGroup;
			children = (
				203E3EFC19BF824A008C0379 /* Base */,
			);
			name = Main.storyboard;
			sourceTree = "<group>";
		};
/* End PBXVariantGroup section */

/* Begin XCBuildConfiguration section */
		203E3F0C19BF824A008C0379 /* Debug */ = {
			isa = XCBuildConfiguration;
			buildSettings = {
				ALWAYS_SEARCH_USER_PATHS = NO;
				CLANG_CXX_LANGUAGE_STANDARD = "gnu++0x";
				CLANG_CXX_LIBRARY = "libc++";
				CLANG_ENABLE_MODULES = YES;
				CLANG_ENABLE_OBJC_ARC = YES;
				CLANG_WARN_BOOL_CONVERSION = YES;
				CLANG_WARN_CONSTANT_CONVERSION = YES;
				CLANG_WARN_DIRECT_OBJC_ISA_USAGE = YES_ERROR;
				CLANG_WARN_EMPTY_BODY = YES;
				CLANG_WARN_ENUM_CONVERSION = YES;
				CLANG_WARN_INT_CONVERSION = YES;
				CLANG_WARN_OBJC_ROOT_CLASS = YES_ERROR;
				CLANG_WARN_UNREACHABLE_CODE = YES;
				CLANG_WARN__DUPLICATE_METHOD_MATCH = YES;
				"CODE_SIGN_IDENTITY[sdk=iphoneos*]" = "iPhone Developer";
				COPY_PHASE_STRIP = NO;
				ENABLE_STRICT_OBJC_MSGSEND = YES;
				GCC_C_LANGUAGE_STANDARD = gnu99;
				GCC_DYNAMIC_NO_PIC = NO;
				GCC_OPTIMIZATION_LEVEL = 0;
				GCC_PREPROCESSOR_DEFINITIONS = (
					"DEBUG=1",
					"$(inherited)",
				);
				GCC_SYMBOLS_PRIVATE_EXTERN = NO;
				GCC_WARN_64_TO_32_BIT_CONVERSION = YES;
				GCC_WARN_ABOUT_RETURN_TYPE = YES_ERROR;
				GCC_WARN_UNDECLARED_SELECTOR = YES;
				GCC_WARN_UNINITIALIZED_AUTOS = YES_AGGRESSIVE;
				GCC_WARN_UNUSED_FUNCTION = YES;
				GCC_WARN_UNUSED_VARIABLE = YES;
				IPHONEOS_DEPLOYMENT_TARGET = 8.0;
				MTL_ENABLE_DEBUG_INFO = YES;
				ONLY_ACTIVE_ARCH = YES;
				SDKROOT = iphoneos;
				TARGETED_DEVICE_FAMILY = 2;
			};
			name = Debug;
		};
		203E3F0D19BF824A008C0379 /* Release */ = {
			isa = XCBuildConfiguration;
			buildSettings = {
				ALWAYS_SEARCH_USER_PATHS = NO;
				CLANG_CXX_LANGUAGE_STANDARD = "gnu++0x";
				CLANG_CXX_LIBRARY = "libc++";
				CLANG_ENABLE_MODULES = YES;
				CLANG_ENABLE_OBJC_ARC = YES;
				CLANG_WARN_BOOL_CONVERSION = YES;
				CLANG_WARN_CONSTANT_CONVERSION = YES;
				CLANG_WARN_DIRECT_OBJC_ISA_USAGE = YES_ERROR;
				CLANG_WARN_EMPTY_BODY = YES;
				CLANG_WARN_ENUM_CONVERSION = YES;
				CLANG_WARN_INT_CONVERSION = YES;
				CLANG_WARN_OBJC_ROOT_CLASS = YES_ERROR;
				CLANG_WARN_UNREACHABLE_CODE = YES;
				CLANG_WARN__DUPLICATE_METHOD_MATCH = YES;
				"CODE_SIGN_IDENTITY[sdk=iphoneos*]" = "iPhone Developer";
				COPY_PHASE_STRIP = YES;
				ENABLE_NS_ASSERTIONS = NO;
				ENABLE_STRICT_OBJC_MSGSEND = YES;
				GCC_C_LANGUAGE_STANDARD = gnu99;
				GCC_WARN_64_TO_32_BIT_CONVERSION = YES;
				GCC_WARN_ABOUT_RETURN_TYPE = YES_ERROR;
				GCC_WARN_UNDECLARED_SELECTOR = YES;
				GCC_WARN_UNINITIALIZED_AUTOS = YES_AGGRESSIVE;
				GCC_WARN_UNUSED_FUNCTION = YES;
				GCC_WARN_UNUSED_VARIABLE = YES;
				IPHONEOS_DEPLOYMENT_TARGET = 8.0;
				MTL_ENABLE_DEBUG_INFO = NO;
				SDKROOT = iphoneos;
				TARGETED_DEVICE_FAMILY = 2;
				VALIDATE_PRODUCT = YES;
			};
			name = Release;
		};
		203E3F0F19BF824A008C0379 /* Debug */ = {
			isa = XCBuildConfiguration;
			buildSettings = {
				ASSETCATALOG_COMPILER_APPICON_NAME = AppIcon;
				ASSETCATALOG_COMPILER_LAUNCHIMAGE_NAME = LaunchImage;
				CLANG_ENABLE_MODULES = YES;
				INFOPLIST_FILE = NoteHub/Info.plist;
				IPHONEOS_DEPLOYMENT_TARGET = 7.0;
				LD_RUNPATH_SEARCH_PATHS = "$(inherited) @executable_path/Frameworks";
				PRODUCT_NAME = "$(TARGET_NAME)";
				SWIFT_OBJC_BRIDGING_HEADER = "NoteHub/NoteHub-Bridging-Header.h";
				SWIFT_OPTIMIZATION_LEVEL = "-Onone";
			};
			name = Debug;
		};
		203E3F1019BF824A008C0379 /* Release */ = {
			isa = XCBuildConfiguration;
			buildSettings = {
				ASSETCATALOG_COMPILER_APPICON_NAME = AppIcon;
				ASSETCATALOG_COMPILER_LAUNCHIMAGE_NAME = LaunchImage;
				CLANG_ENABLE_MODULES = YES;
				INFOPLIST_FILE = NoteHub/Info.plist;
				IPHONEOS_DEPLOYMENT_TARGET = 7.0;
				LD_RUNPATH_SEARCH_PATHS = "$(inherited) @executable_path/Frameworks";
				PRODUCT_NAME = "$(TARGET_NAME)";
				SWIFT_OBJC_BRIDGING_HEADER = "NoteHub/NoteHub-Bridging-Header.h";
			};
			name = Release;
		};
		203E3F1219BF824A008C0379 /* Debug */ = {
			isa = XCBuildConfiguration;
			buildSettings = {
				BUNDLE_LOADER = "$(TEST_HOST)";
				FRAMEWORK_SEARCH_PATHS = (
					"$(SDKROOT)/Developer/Library/Frameworks",
					"$(inherited)",
				);
				GCC_PREPROCESSOR_DEFINITIONS = (
					"DEBUG=1",
					"$(inherited)",
				);
				INFOPLIST_FILE = NoteHubTests/Info.plist;
				LD_RUNPATH_SEARCH_PATHS = "$(inherited) @executable_path/Frameworks @loader_path/Frameworks";
				PRODUCT_NAME = "$(TARGET_NAME)";
				TEST_HOST = "$(BUILT_PRODUCTS_DIR)/NoteHub.app/NoteHub";
			};
			name = Debug;
		};
		203E3F1319BF824A008C0379 /* Release */ = {
			isa = XCBuildConfiguration;
			buildSettings = {
				BUNDLE_LOADER = "$(TEST_HOST)";
				FRAMEWORK_SEARCH_PATHS = (
					"$(SDKROOT)/Developer/Library/Frameworks",
					"$(inherited)",
				);
				INFOPLIST_FILE = NoteHubTests/Info.plist;
				LD_RUNPATH_SEARCH_PATHS = "$(inherited) @executable_path/Frameworks @loader_path/Frameworks";
				PRODUCT_NAME = "$(TARGET_NAME)";
				TEST_HOST = "$(BUILT_PRODUCTS_DIR)/NoteHub.app/NoteHub";
			};
			name = Release;
		};
/* End XCBuildConfiguration section */

/* Begin XCConfigurationList section */
		203E3EE619BF824A008C0379 /* Build configuration list for PBXProject "NoteHub" */ = {
			isa = XCConfigurationList;
			buildConfigurations = (
				203E3F0C19BF824A008C0379 /* Debug */,
				203E3F0D19BF824A008C0379 /* Release */,
			);
			defaultConfigurationIsVisible = 0;
			defaultConfigurationName = Release;
		};
		203E3F0E19BF824A008C0379 /* Build configuration list for PBXNativeTarget "NoteHub" */ = {
			isa = XCConfigurationList;
			buildConfigurations = (
				203E3F0F19BF824A008C0379 /* Debug */,
				203E3F1019BF824A008C0379 /* Release */,
			);
			defaultConfigurationIsVisible = 0;
			defaultConfigurationName = Release;
		};
		203E3F1119BF824A008C0379 /* Build configuration list for PBXNativeTarget "NoteHubTests" */ = {
			isa = XCConfigurationList;
			buildConfigurations = (
				203E3F1219BF824A008C0379 /* Debug */,
				203E3F1319BF824A008C0379 /* Release */,
			);
			defaultConfigurationIsVisible = 0;
			defaultConfigurationName = Release;
		};
/* End XCConfigurationList section */

/* Begin XCVersionGroup section */
		203E3EF519BF824A008C0379 /* NoteHub.xcdatamodeld */ = {
			isa = XCVersionGroup;
			children = (
				203E3EF619BF824A008C0379 /* NoteHub.xcdatamodel */,
			);
			currentVersion = 203E3EF619BF824A008C0379 /* NoteHub.xcdatamodel */;
			path = NoteHub.xcdatamodeld;
			sourceTree = "<group>";
			versionGroupType = wrapper.xcdatamodel;
		};
/* End XCVersionGroup section */
	};
	rootObject = 203E3EE319BF824A008C0379 /* Project object */;
}
